
Microsoft Visual Studio Solution File, Format Version 12.00
# Visual Studio Version 16
VisualStudioVersion = 16.0.30011.22
MinimumVisualStudioVersion = 10.0.40219.1
Project("{9A19103F-16F7-4668-BE54-9A1E7A4F7556}") = "EHI.Api", "EHI.Api\EHI.Api.csproj", "{11CEAE0E-710B-4AC5-8F62-4CACDA98EEEC}"
EndProject
Project("{9A19103F-16F7-4668-BE54-9A1E7A4F7556}") = "EHI.Models", "EHI.Models\EHI.Models.csproj", "{3AC3EF6C-4DDC-44CE-934F-77504A9789DD}"
EndProject
Project("{9A19103F-16F7-4668-BE54-9A1E7A4F7556}") = "EHI.BLL", "EHI.BLL\EHI.BLL.csproj", "{676CD764-46CB-4F24-8F70-837E54158729}"
EndProject
Project("{9A19103F-16F7-4668-BE54-9A1E7A4F7556}") = "EHI.DAL", "EHI.DAL\EHI.DAL.csproj", "{9ADDCAC5-5892-487A-A134-3E2C745FC462}"
EndProject
Project("{FAE04EC0-301F-11D3-BF4B-00C04F79EFBC}") = "EHI.Test", "EHI.Test\EHI.Test.csproj", "{0BCC17E0-9F13-4B2C-8870-22E02D118617}"
EndProject
Global
	GlobalSection(SolutionConfigurationPlatforms) = preSolution
		Debug|Any CPU = Debug|Any CPU
		Release|Any CPU = Release|Any CPU
	EndGlobalSection
	GlobalSection(ProjectConfigurationPlatforms) = postSolution
		{11CEAE0E-710B-4AC5-8F62-4CACDA98EEEC}.Debug|Any CPU.ActiveCfg = Debug|Any CPU
		{11CEAE0E-710B-4AC5-8F62-4CACDA98EEEC}.Debug|Any CPU.Build.0 = Debug|Any CPU
		{11CEAE0E-710B-4AC5-8F62-4CACDA98EEEC}.Release|Any CPU.ActiveCfg = Release|Any CPU
		{11CEAE0E-710B-4AC5-8F62-4CACDA98EEEC}.Release|Any CPU.Build.0 = Release|Any CPU
		{3AC3EF6C-4DDC-44CE-934F-77504A9789DD}.Debug|Any CPU.ActiveCfg = Debug|Any CPU
		{3AC3EF6C-4DDC-44CE-934F-77504A9789DD}.Debug|Any CPU.Build.0 = Debug|Any CPU
		{3AC3EF6C-4DDC-44CE-934F-77504A9789DD}.Release|Any CPU.ActiveCfg = Release|Any CPU
		{3AC3EF6C-4DDC-44CE-934F-77504A9789DD}.Release|Any CPU.Build.0 = Release|Any CPU
		{676CD764-46CB-4F24-8F70-837E54158729}.Debug|Any CPU.ActiveCfg = Debug|Any CPU
		{676CD764-46CB-4F24-8F70-837E54158729}.Debug|Any CPU.Build.0 = Debug|Any CPU
		{676CD764-46CB-4F24-8F70-837E54158729}.Release|Any CPU.ActiveCfg = Release|Any CPU
		{676CD764-46CB-4F24-8F70-837E54158729}.Release|Any CPU.Build.0 = Release|Any CPU
		{9ADDCAC5-5892-487A-A134-3E2C745FC462}.Debug|Any CPU.ActiveCfg = Debug|Any CPU
		{9ADDCAC5-5892-487A-A134-3E2C745FC462}.Debug|Any CPU.Build.0 = Debug|Any CPU
		{9ADDCAC5-5892-487A-A134-3E2C745FC462}.Release|Any CPU.ActiveCfg = Release|Any CPU
		{9ADDCAC5-5892-487A-A134-3E2C745FC462}.Release|Any CPU.Build.0 = Release|Any CPU
		{0BCC17E0-9F13-4B2C-8870-22E02D118617}.Debug|Any CPU.ActiveCfg = Debug|Any CPU
		{0BCC17E0-9F13-4B2C-8870-22E02D118617}.Debug|Any CPU.Build.0 = Debug|Any CPU
		{0BCC17E0-9F13-4B2C-8870-22E02D118617}.Release|Any CPU.ActiveCfg = Release|Any CPU
		{0BCC17E0-9F13-4B2C-8870-22E02D118617}.Release|Any CPU.Build.0 = Release|Any CPU
	EndGlobalSection
	GlobalSection(SolutionProperties) = preSolution
		HideSolutionNode = FALSE
	EndGlobalSection
	GlobalSection(ExtensibilityGlobals) = postSolution
		SolutionGuid = {A9D70502-A830-4ACB-B1AE-D96E7787001B}
	EndGlobalSection
EndGlobal
